// !$*UTF8*$!
{
	archiveVersion = 1;
	classes = {
	};
	objectVersion = 56;
	objects = {

/* Begin PBXBuildFile section */
		AD72E77F2C1EAB59001D979E /* AppDelegate.swift in Sources */ = {isa = PBXBuildFile; fileRef = AD72E77E2C1EAB59001D979E /* AppDelegate.swift */; };
		AD72E7812C1EAB59001D979E /* SceneDelegate.swift in Sources */ = {isa = PBXBuildFile; fileRef = AD72E7802C1EAB59001D979E /* SceneDelegate.swift */; };
		AD72E7832C1EAB59001D979E /* ViewController.swift in Sources */ = {isa = PBXBuildFile; fileRef = AD72E7822C1EAB59001D979E /* ViewController.swift */; };
		AD72E7862C1EAB59001D979E /* Base in Resources */ = {isa = PBXBuildFile; fileRef = AD72E7852C1EAB59001D979E /* Base */; };
		AD72E7882C1EAB5A001D979E /* Assets.xcassets in Resources */ = {isa = PBXBuildFile; fileRef = AD72E7872C1EAB5A001D979E /* Assets.xcassets */; };
		AD72E78B2C1EAB5A001D979E /* Base in Resources */ = {isa = PBXBuildFile; fileRef = AD72E78A2C1EAB5A001D979E /* Base */; };
		AD72E7962C1EAB5A001D979E /* QuizTests.swift in Sources */ = {isa = PBXBuildFile; fileRef = AD72E7952C1EAB5A001D979E /* QuizTests.swift */; };
		AD72E7A02C1EAB5A001D979E /* QuizUITests.swift in Sources */ = {isa = PBXBuildFile; fileRef = AD72E79F2C1EAB5A001D979E /* QuizUITests.swift */; };
		AD72E7A22C1EAB5A001D979E /* QuizUITestsLaunchTests.swift in Sources */ = {isa = PBXBuildFile; fileRef = AD72E7A12C1EAB5A001D979E /* QuizUITestsLaunchTests.swift */; };
/* End PBXBuildFile section */

/* Begin PBXContainerItemProxy section */
		AD72E7922C1EAB5A001D979E /* PBXContainerItemProxy */ = {
			isa = PBXContainerItemProxy;
			containerPortal = AD72E7732C1EAB59001D979E /* Project object */;
			proxyType = 1;
			remoteGlobalIDString = AD72E77A2C1EAB59001D979E;
			remoteInfo = Quiz;
		};
		AD72E79C2C1EAB5A001D979E /* PBXContainerItemProxy */ = {
			isa = PBXContainerItemProxy;
			containerPortal = AD72E7732C1EAB59001D979E /* Project object */;
			proxyType = 1;
			remoteGlobalIDString = AD72E77A2C1EAB59001D979E;
			remoteInfo = Quiz;
		};
/* End PBXContainerItemProxy section */

/* Begin PBXFileReference section */
		AD72E77B2C1EAB59001D979E /* Quiz.app */ = {isa = PBXFileReference; explicitFileType = wrapper.application; includeInIndex = 0; path = Quiz.app; sourceTree = BUILT_PRODUCTS_DIR; };
		AD72E77E2C1EAB59001D979E /* AppDelegate.swift */ = {isa = PBXFileReference; lastKnownFileType = sourcecode.swift; path = AppDelegate.swift; sourceTree = "<group>"; };
		AD72E7802C1EAB59001D979E /* SceneDelegate.swift */ = {isa = PBXFileReference; lastKnownFileType = sourcecode.swift; path = SceneDelegate.swift; sourceTree = "<group>"; };
		AD72E7822C1EAB59001D979E /* ViewController.swift */ = {isa = PBXFileReference; lastKnownFileType = sourcecode.swift; path = ViewController.swift; sourceTree = "<group>"; };
		AD72E7852C1EAB59001D979E /* Base */ = {isa = PBXFileReference; lastKnownFileType = file.storyboard; name = Base; path = Base.lproj/Main.storyboard; sourceTree = "<group>"; };
		AD72E7872C1EAB5A001D979E /* Assets.xcassets */ = {isa = PBXFileReference; lastKnownFileType = folder.assetcatalog; path = Assets.xcassets; sourceTree = "<group>"; };
		AD72E78A2C1EAB5A001D979E /* Base */ = {isa = PBXFileReference; lastKnownFileType = file.storyboard; name = Base; path = Base.lproj/LaunchScreen.storyboard; sourceTree = "<group>"; };
		AD72E78C2C1EAB5A001D979E /* Info.plist */ = {isa = PBXFileReference; lastKnownFileType = text.plist.xml; path = Info.plist; sourceTree = "<group>"; };
		AD72E7912C1EAB5A001D979E /* QuizTests.xctest */ = {isa = PBXFileReference; explicitFileType = wrapper.cfbundle; includeInIndex = 0; path = QuizTests.xctest; sourceTree = BUILT_PRODUCTS_DIR; };
		AD72E7952C1EAB5A001D979E /* QuizTests.swift */ = {isa = PBXFileReference; lastKnownFileType = sourcecode.swift; path = QuizTests.swift; sourceTree = "<group>"; };
		AD72E79B2C1EAB5A001D979E /* QuizUITests.xctest */ = {isa = PBXFileReference; explicitFileType = wrapper.cfbundle; includeInIndex = 0; path = QuizUITests.xctest; sourceTree = BUILT_PRODUCTS_DIR; };
		AD72E79F2C1EAB5A001D979E /* QuizUITests.swift */ = {isa = PBXFileReference; lastKnownFileType = sourcecode.swift; path = QuizUITests.swift; sourceTree = "<group>"; };
		AD72E7A12C1EAB5A001D979E /* QuizUITestsLaunchTests.swift */ = {isa = PBXFileReference; lastKnownFileType = sourcecode.swift; path = QuizUITestsLaunchTests.swift; sourceTree = "<group>"; };
/* End PBXFileReference section */

/* Begin PBXFrameworksBuildPhase section */
		AD72E7782C1EAB59001D979E /* Frameworks */ = {
			isa = PBXFrameworksBuildPhase;
			buildActionMask = 2147483647;
			files = (
			);
			runOnlyForDeploymentPostprocessing = 0;
		};
		AD72E78E2C1EAB5A001D979E /* Frameworks */ = {
			isa = PBXFrameworksBuildPhase;
			buildActionMask = 2147483647;
			files = (
			);
			runOnlyForDeploymentPostprocessing = 0;
		};
		AD72E7982C1EAB5A001D979E /* Frameworks */ = {
			isa = PBXFrameworksBuildPhase;
			buildActionMask = 2147483647;
			files = (
			);
			runOnlyForDeploymentPostprocessing = 0;
		};
/* End PBXFrameworksBuildPhase section */

/* Begin PBXGroup section */
		AD72E7722C1EAB59001D979E = {
			isa = PBXGroup;
			children = (
				AD72E77D2C1EAB59001D979E /* Quiz */,
				AD72E7942C1EAB5A001D979E /* QuizTests */,
				AD72E79E2C1EAB5A001D979E /* QuizUITests */,
				AD72E77C2C1EAB59001D979E /* Products */,
			);
			sourceTree = "<group>";
		};
		AD72E77C2C1EAB59001D979E /* Products */ = {
			isa = PBXGroup;
			children = (
				AD72E77B2C1EAB59001D979E /* Quiz.app */,
				AD72E7912C1EAB5A001D979E /* QuizTests.xctest */,
				AD72E79B2C1EAB5A001D979E /* QuizUITests.xctest */,
			);
			name = Products;
			sourceTree = "<group>";
		};
		AD72E77D2C1EAB59001D979E /* Quiz */ = {
			isa = PBXGroup;
			children = (
				AD72E77E2C1EAB59001D979E /* AppDelegate.swift */,
				AD72E7802C1EAB59001D979E /* SceneDelegate.swift */,
				AD72E7822C1EAB59001D979E /* ViewController.swift */,
				AD72E7842C1EAB59001D979E /* Main.storyboard */,
				AD72E7872C1EAB5A001D979E /* Assets.xcassets */,
				AD72E7892C1EAB5A001D979E /* LaunchScreen.storyboard */,
				AD72E78C2C1EAB5A001D979E /* Info.plist */,
			);
			path = Quiz;
			sourceTree = "<group>";
		};
		AD72E7942C1EAB5A001D979E /* QuizTests */ = {
			isa = PBXGroup;
			children = (
				AD72E7952C1EAB5A001D979E /* QuizTests.swift */,
			);
			path = QuizTests;
			sourceTree = "<group>";
		};
		AD72E79E2C1EAB5A001D979E /* QuizUITests */ = {
			isa = PBXGroup;
			children = (
				AD72E79F2C1EAB5A001D979E /* QuizUITests.swift */,
				AD72E7A12C1EAB5A001D979E /* QuizUITestsLaunchTests.swift */,
			);
			path = QuizUITests;
			sourceTree = "<group>";
		};
/* End PBXGroup section */

/* Begin PBXNativeTarget section */
		AD72E77A2C1EAB59001D979E /* Quiz */ = {
			isa = PBXNativeTarget;
			buildConfigurationList = AD72E7A52C1EAB5A001D979E /* Build configuration list for PBXNativeTarget "Quiz" */;
			buildPhases = (
				AD72E7772C1EAB59001D979E /* Sources */,
				AD72E7782C1EAB59001D979E /* Frameworks */,
				AD72E7792C1EAB59001D979E /* Resources */,
			);
			buildRules = (
			);
			dependencies = (
			);
			name = Quiz;
			productName = Quiz;
			productReference = AD72E77B2C1EAB59001D979E /* Quiz.app */;
			productType = "com.apple.product-type.application";
		};
		AD72E7902C1EAB5A001D979E /* QuizTests */ = {
			isa = PBXNativeTarget;
			buildConfigurationList = AD72E7A82C1EAB5A001D979E /* Build configuration list for PBXNativeTarget "QuizTests" */;
			buildPhases = (
				AD72E78D2C1EAB5A001D979E /* Sources */,
				AD72E78E2C1EAB5A001D979E /* Frameworks */,
				AD72E78F2C1EAB5A001D979E /* Resources */,
			);
			buildRules = (
			);
			dependencies = (
				AD72E7932C1EAB5A001D979E /* PBXTargetDependency */,
			);
			name = QuizTests;
			productName = QuizTests;
			productReference = AD72E7912C1EAB5A001D979E /* QuizTests.xctest */;
			productType = "com.apple.product-type.bundle.unit-test";
		};
		AD72E79A2C1EAB5A001D979E /* QuizUITests */ = {
			isa = PBXNativeTarget;
			buildConfigurationList = AD72E7AB2C1EAB5A001D979E /* Build configuration list for PBXNativeTarget "QuizUITests" */;
			buildPhases = (
				AD72E7972C1EAB5A001D979E /* Sources */,
				AD72E7982C1EAB5A001D979E /* Frameworks */,
				AD72E7992C1EAB5A001D979E /* Resources */,
			);
			buildRules = (
			);
			dependencies = (
				AD72E79D2C1EAB5A001D979E /* PBXTargetDependency */,
			);
			name = QuizUITests;
			productName = QuizUITests;
			productReference = AD72E79B2C1EAB5A001D979E /* QuizUITests.xctest */;
			productType = "com.apple.product-type.bundle.ui-testing";
		};
/* End PBXNativeTarget section */

/* Begin PBXProject section */
		AD72E7732C1EAB59001D979E /* Project object */ = {
			isa = PBXProject;
			attributes = {
				BuildIndependentTargetsInParallel = 1;
				LastSwiftUpdateCheck = 1540;
				LastUpgradeCheck = 1540;
				TargetAttributes = {
					AD72E77A2C1EAB59001D979E = {
						CreatedOnToolsVersion = 15.4;
					};
					AD72E7902C1EAB5A001D979E = {
						CreatedOnToolsVersion = 15.4;
						TestTargetID = AD72E77A2C1EAB59001D979E;
					};
					AD72E79A2C1EAB5A001D979E = {
						CreatedOnToolsVersion = 15.4;
						TestTargetID = AD72E77A2C1EAB59001D979E;
					};
				};
			};
			buildConfigurationList = AD72E7762C1EAB59001D979E /* Build configuration list for PBXProject "Quiz" */;
			compatibilityVersion = "Xcode 14.0";
			developmentRegion = en;
			hasScannedForEncodings = 0;
			knownRegions = (
				en,
				Base,
			);
			mainGroup = AD72E7722C1EAB59001D979E;
			productRefGroup = AD72E77C2C1EAB59001D979E /* Products */;
			projectDirPath = "";
			projectRoot = "";
			targets = (
				AD72E77A2C1EAB59001D979E /* Quiz */,
				AD72E7902C1EAB5A001D979E /* QuizTests */,
				AD72E79A2C1EAB5A001D979E /* QuizUITests */,
			);
		};
/* End PBXProject section */

/* Begin PBXResourcesBuildPhase section */
		AD72E7792C1EAB59001D979E /* Resources */ = {
			isa = PBXResourcesBuildPhase;
			buildActionMask = 2147483647;
			files = (
				AD72E7882C1EAB5A001D979E /* Assets.xcassets in Resources */,
				AD72E78B2C1EAB5A001D979E /* Base in Resources */,
				AD72E7862C1EAB59001D979E /* Base in Resources */,
			);
			runOnlyForDeploymentPostprocessing = 0;
		};
		AD72E78F2C1EAB5A001D979E /* Resources */ = {
			isa = PBXResourcesBuildPhase;
			buildActionMask = 2147483647;
			files = (
			);
			runOnlyForDeploymentPostprocessing = 0;
		};
		AD72E7992C1EAB5A001D979E /* Resources */ = {
			isa = PBXResourcesBuildPhase;
			buildActionMask = 2147483647;
			files = (
			);
			runOnlyForDeploymentPostprocessing = 0;
		};
/* End PBXResourcesBuildPhase section */

/* Begin PBXSourcesBuildPhase section */
		AD72E7772C1EAB59001D979E /* Sources */ = {
			isa = PBXSourcesBuildPhase;
			buildActionMask = 2147483647;
			files = (
				AD72E7832C1EAB59001D979E /* ViewController.swift in Sources */,
				AD72E77F2C1EAB59001D979E /* AppDelegate.swift in Sources */,
				AD72E7812C1EAB59001D979E /* SceneDelegate.swift in Sources */,
			);
			runOnlyForDeploymentPostprocessing = 0;
		};
		AD72E78D2C1EAB5A001D979E /* Sources */ = {
			isa = PBXSourcesBuildPhase;
			buildActionMask = 2147483647;
			files = (
				AD72E7962C1EAB5A001D979E /* QuizTests.swift in Sources */,
			);
			runOnlyForDeploymentPostprocessing = 0;
		};
		AD72E7972C1EAB5A001D979E /* Sources */ = {
			isa = PBXSourcesBuildPhase;
			buildActionMask = 2147483647;
			files = (
				AD72E7A02C1EAB5A001D979E /* QuizUITests.swift in Sources */,
				AD72E7A22C1EAB5A001D979E /* QuizUITestsLaunchTests.swift in Sources */,
			);
			runOnlyForDeploymentPostprocessing = 0;
		};
/* End PBXSourcesBuildPhase section */

/* Begin PBXTargetDependency section */
		AD72E7932C1EAB5A001D979E /* PBXTargetDependency */ = {
			isa = PBXTargetDependency;
			target = AD72E77A2C1EAB59001D979E /* Quiz */;
			targetProxy = AD72E7922C1EAB5A001D979E /* PBXContainerItemProxy */;
		};
		AD72E79D2C1EAB5A001D979E /* PBXTargetDependency */ = {
			isa = PBXTargetDependency;
			target = AD72E77A2C1EAB59001D979E /* Quiz */;
			targetProxy = AD72E79C2C1EAB5A001D979E /* PBXContainerItemProxy */;
		};
/* End PBXTargetDependency section */

/* Begin PBXVariantGroup section */
		AD72E7842C1EAB59001D979E /* Main.storyboard */ = {
			isa = PBXVariantGroup;
			children = (
				AD72E7852C1EAB59001D979E /* Base */,
			);
			name = Main.storyboard;
			sourceTree = "<group>";
		};
		AD72E7892C1EAB5A001D979E /* LaunchScreen.storyboard */ = {
			isa = PBXVariantGroup;
			children = (
				AD72E78A2C1EAB5A001D979E /* Base */,
			);
			name = LaunchScreen.storyboard;
			sourceTree = "<group>";
		};
/* End PBXVariantGroup section */

/* Begin XCBuildConfiguration section */
		AD72E7A32C1EAB5A001D979E /* Debug */ = {
			isa = XCBuildConfiguration;
			buildSettings = {
				ALWAYS_SEARCH_USER_PATHS = NO;
				ASSETCATALOG_COMPILER_GENERATE_SWIFT_ASSET_SYMBOL_EXTENSIONS = YES;
				CLANG_ANALYZER_NONNULL = YES;
				CLANG_ANALYZER_NUMBER_OBJECT_CONVERSION = YES_AGGRESSIVE;
				CLANG_CXX_LANGUAGE_STANDARD = "gnu++20";
				CLANG_ENABLE_MODULES = YES;
				CLANG_ENABLE_OBJC_ARC = YES;
				CLANG_ENABLE_OBJC_WEAK = YES;
				CLANG_WARN_BLOCK_CAPTURE_AUTORELEASING = YES;
				CLANG_WARN_BOOL_CONVERSION = YES;
				CLANG_WARN_COMMA = YES;
				CLANG_WARN_CONSTANT_CONVERSION = YES;
				CLANG_WARN_DEPRECATED_OBJC_IMPLEMENTATIONS = YES;
				CLANG_WARN_DIRECT_OBJC_ISA_USAGE = YES_ERROR;
				CLANG_WARN_DOCUMENTATION_COMMENTS = YES;
				CLANG_WARN_EMPTY_BODY = YES;
				CLANG_WARN_ENUM_CONVERSION = YES;
				CLANG_WARN_INFINITE_RECURSION = YES;
				CLANG_WARN_INT_CONVERSION = YES;
				CLANG_WARN_NON_LITERAL_NULL_CONVERSION = YES;
				CLANG_WARN_OBJC_IMPLICIT_RETAIN_SELF = YES;
				CLANG_WARN_OBJC_LITERAL_CONVERSION = YES;
				CLANG_WARN_OBJC_ROOT_CLASS = YES_ERROR;
				CLANG_WARN_QUOTED_INCLUDE_IN_FRAMEWORK_HEADER = YES;
				CLANG_WARN_RANGE_LOOP_ANALYSIS = YES;
				CLANG_WARN_STRICT_PROTOTYPES = YES;
				CLANG_WARN_SUSPICIOUS_MOVE = YES;
				CLANG_WARN_UNGUARDED_AVAILABILITY = YES_AGGRESSIVE;
				CLANG_WARN_UNREACHABLE_CODE = YES;
				CLANG_WARN__DUPLICATE_METHOD_MATCH = YES;
				COPY_PHASE_STRIP = NO;
				DEBUG_INFORMATION_FORMAT = dwarf;
				ENABLE_STRICT_OBJC_MSGSEND = YES;
				ENABLE_TESTABILITY = YES;
				ENABLE_USER_SCRIPT_SANDBOXING = YES;
				GCC_C_LANGUAGE_STANDARD = gnu17;
				GCC_DYNAMIC_NO_PIC = NO;
				GCC_NO_COMMON_BLOCKS = YES;
				GCC_OPTIMIZATION_LEVEL = 0;
				GCC_PREPROCESSOR_DEFINITIONS = (
					"DEBUG=1",
					"$(inherited)",
				);
				GCC_WARN_64_TO_32_BIT_CONVERSION = YES;
				GCC_WARN_ABOUT_RETURN_TYPE = YES_ERROR;
				GCC_WARN_UNDECLARED_SELECTOR = YES;
				GCC_WARN_UNINITIALIZED_AUTOS = YES_AGGRESSIVE;
				GCC_WARN_UNUSED_FUNCTION = YES;
				GCC_WARN_UNUSED_VARIABLE = YES;
				IPHONEOS_DEPLOYMENT_TARGET = 17.5;
				LOCALIZATION_PREFERS_STRING_CATALOGS = YES;
				MTL_ENABLE_DEBUG_INFO = INCLUDE_SOURCE;
				MTL_FAST_MATH = YES;
				ONLY_ACTIVE_ARCH = YES;
				SDKROOT = iphoneos;
				SWIFT_ACTIVE_COMPILATION_CONDITIONS = "DEBUG $(inherited)";
				SWIFT_OPTIMIZATION_LEVEL = "-Onone";
			};
			name = Debug;
		};
		AD72E7A42C1EAB5A001D979E /* Release */ = {
			isa = XCBuildConfiguration;
			buildSettings = {
				ALWAYS_SEARCH_USER_PATHS = NO;
				ASSETCATALOG_COMPILER_GENERATE_SWIFT_ASSET_SYMBOL_EXTENSIONS = YES;
				CLANG_ANALYZER_NONNULL = YES;
				CLANG_ANALYZER_NUMBER_OBJECT_CONVERSION = YES_AGGRESSIVE;
				CLANG_CXX_LANGUAGE_STANDARD = "gnu++20";
				CLANG_ENABLE_MODULES = YES;
				CLANG_ENABLE_OBJC_ARC = YES;
				CLANG_ENABLE_OBJC_WEAK = YES;
				CLANG_WARN_BLOCK_CAPTURE_AUTORELEASING = YES;
				CLANG_WARN_BOOL_CONVERSION = YES;
				CLANG_WARN_COMMA = YES;
				CLANG_WARN_CONSTANT_CONVERSION = YES;
				CLANG_WARN_DEPRECATED_OBJC_IMPLEMENTATIONS = YES;
				CLANG_WARN_DIRECT_OBJC_ISA_USAGE = YES_ERROR;
				CLANG_WARN_DOCUMENTATION_COMMENTS = YES;
				CLANG_WARN_EMPTY_BODY = YES;
				CLANG_WARN_ENUM_CONVERSION = YES;
				CLANG_WARN_INFINITE_RECURSION = YES;
				CLANG_WARN_INT_CONVERSION = YES;
				CLANG_WARN_NON_LITERAL_NULL_CONVERSION = YES;
				CLANG_WARN_OBJC_IMPLICIT_RETAIN_SELF = YES;
				CLANG_WARN_OBJC_LITERAL_CONVERSION = YES;
				CLANG_WARN_OBJC_ROOT_CLASS = YES_ERROR;
				CLANG_WARN_QUOTED_INCLUDE_IN_FRAMEWORK_HEADER = YES;
				CLANG_WARN_RANGE_LOOP_ANALYSIS = YES;
				CLANG_WARN_STRICT_PROTOTYPES = YES;
				CLANG_WARN_SUSPICIOUS_MOVE = YES;
				CLANG_WARN_UNGUARDED_AVAILABILITY = YES_AGGRESSIVE;
				CLANG_WARN_UNREACHABLE_CODE = YES;
				CLANG_WARN__DUPLICATE_METHOD_MATCH = YES;
				COPY_PHASE_STRIP = NO;
				DEBUG_INFORMATION_FORMAT = "dwarf-with-dsym";
				ENABLE_NS_ASSERTIONS = NO;
				ENABLE_STRICT_OBJC_MSGSEND = YES;
				ENABLE_USER_SCRIPT_SANDBOXING = YES;
				GCC_C_LANGUAGE_STANDARD = gnu17;
				GCC_NO_COMMON_BLOCKS = YES;
				GCC_WARN_64_TO_32_BIT_CONVERSION = YES;
				GCC_WARN_ABOUT_RETURN_TYPE = YES_ERROR;
				GCC_WARN_UNDECLARED_SELECTOR = YES;
				GCC_WARN_UNINITIALIZED_AUTOS = YES_AGGRESSIVE;
				GCC_WARN_UNUSED_FUNCTION = YES;
				GCC_WARN_UNUSED_VARIABLE = YES;
				IPHONEOS_DEPLOYMENT_TARGET = 17.5;
				LOCALIZATION_PREFERS_STRING_CATALOGS = YES;
				MTL_ENABLE_DEBUG_INFO = NO;
				MTL_FAST_MATH = YES;
				SDKROOT = iphoneos;
				SWIFT_COMPILATION_MODE = wholemodule;
				VALIDATE_PRODUCT = YES;
			};
			name = Release;
		};
		AD72E7A62C1EAB5A001D979E /* Debug */ = {
			isa = XCBuildConfiguration;
			buildSettings = {
				ASSETCATALOG_COMPILER_APPICON_NAME = AppIcon;
				ASSETCATALOG_COMPILER_GLOBAL_ACCENT_COLOR_NAME = AccentColor;
				ASSETCATALOG_COMPILER_INCLUDE_ALL_APPICON_ASSETS = YES;
				CODE_SIGN_STYLE = Automatic;
				CURRENT_PROJECT_VERSION = 1;
				DEVELOPMENT_ASSET_PATHS = Quiz/Base.lproj/LaunchScreen.storyboard;
				DEVELOPMENT_TEAM = YBQ9Z46NWK;
				GENERATE_INFOPLIST_FILE = YES;
				INFOPLIST_FILE = Quiz/Info.plist;
				INFOPLIST_KEY_LSApplicationCategoryType = "public.app-category.entertainment";
				INFOPLIST_KEY_UIApplicationSupportsIndirectInputEvents = YES;
				INFOPLIST_KEY_UILaunchStoryboardName = LaunchScreen;
				INFOPLIST_KEY_UIMainStoryboardFile = Main;
				INFOPLIST_KEY_UISupportedInterfaceOrientations_iPad = "UIInterfaceOrientationPortrait UIInterfaceOrientationPortraitUpsideDown UIInterfaceOrientationLandscapeLeft UIInterfaceOrientationLandscapeRight";
				INFOPLIST_KEY_UISupportedInterfaceOrientations_iPhone = "UIInterfaceOrientationPortrait UIInterfaceOrientationLandscapeLeft UIInterfaceOrientationLandscapeRight";
				LD_RUNPATH_SEARCH_PATHS = (
					"$(inherited)",
					"@executable_path/Frameworks",
				);
				MARKETING_VERSION = 1.0;
				PRODUCT_BUNDLE_IDENTIFIER = com.nimdec.Quiz;
				PRODUCT_NAME = "$(TARGET_NAME)";
				SWIFT_EMIT_LOC_STRINGS = YES;
				SWIFT_VERSION = 5.0;
				TARGETED_DEVICE_FAMILY = "1,2";
			};
			name = Debug;
		};
		AD72E7A72C1EAB5A001D979E /* Release */ = {
			isa = XCBuildConfiguration;
			buildSettings = {
				ASSETCATALOG_COMPILER_APPICON_NAME = AppIcon;
				ASSETCATALOG_COMPILER_GLOBAL_ACCENT_COLOR_NAME = AccentColor;
				ASSETCATALOG_COMPILER_INCLUDE_ALL_APPICON_ASSETS = YES;
				CODE_SIGN_STYLE = Automatic;
				CURRENT_PROJECT_VERSION = 1;
				DEVELOPMENT_ASSET_PATHS = Quiz/Base.lproj/LaunchScreen.storyboard;
				DEVELOPMENT_TEAM = YBQ9Z46NWK;
				GENERATE_INFOPLIST_FILE = YES;
				INFOPLIST_FILE = Quiz/Info.plist;
				INFOPLIST_KEY_LSApplicationCategoryType = "public.app-category.entertainment";
				INFOPLIST_KEY_UIApplicationSupportsIndirectInputEvents = YES;
				INFOPLIST_KEY_UILaunchStoryboardName = LaunchScreen;
				INFOPLIST_KEY_UIMainStoryboardFile = Main;
				INFOPLIST_KEY_UISupportedInterfaceOrientations_iPad = "UIInterfaceOrientationPortrait UIInterfaceOrientationPortraitUpsideDown UIInterfaceOrientationLandscapeLeft UIInterfaceOrientationLandscapeRight";
				INFOPLIST_KEY_UISupportedInterfaceOrientations_iPhone = "UIInterfaceOrientationPortrait UIInterfaceOrientationLandscapeLeft UIInterfaceOrientationLandscapeRight";
				LD_RUNPATH_SEARCH_PATHS = (
					"$(inherited)",
					"@executable_path/Frameworks",
				);
				MARKETING_VERSION = 1.0;
				PRODUCT_BUNDLE_IDENTIFIER = com.nimdec.Quiz;
				PRODUCT_NAME = "$(TARGET_NAME)";
				SWIFT_EMIT_LOC_STRINGS = YES;
				SWIFT_VERSION = 5.0;
				TARGETED_DEVICE_FAMILY = "1,2";
			};
			name = Release;
		};
		AD72E7A92C1EAB5A001D979E /* Debug */ = {
			isa = XCBuildConfiguration;
			buildSettings = {
				ALWAYS_EMBED_SWIFT_STANDARD_LIBRARIES = YES;
				BUNDLE_LOADER = "$(TEST_HOST)";
				CODE_SIGN_STYLE = Automatic;
				CURRENT_PROJECT_VERSION = 1;
				DEVELOPMENT_TEAM = YBQ9Z46NWK;
				GENERATE_INFOPLIST_FILE = YES;
				IPHONEOS_DEPLOYMENT_TARGET = 17.5;
				MARKETING_VERSION = 1.0;
				PRODUCT_BUNDLE_IDENTIFIER = com.nimdec.QuizTests;
				PRODUCT_NAME = "$(TARGET_NAME)";
				SWIFT_EMIT_LOC_STRINGS = NO;
				SWIFT_VERSION = 5.0;
				TARGETED_DEVICE_FAMILY = "1,2";
				TEST_HOST = "$(BUILT_PRODUCTS_DIR)/Quiz.app/$(BUNDLE_EXECUTABLE_FOLDER_PATH)/Quiz";
			};
			name = Debug;
		};
		AD72E7AA2C1EAB5A001D979E /* Release */ = {
			isa = XCBuildConfiguration;
			buildSettings = {
				ALWAYS_EMBED_SWIFT_STANDARD_LIBRARIES = YES;
				BUNDLE_LOADER = "$(TEST_HOST)";
				CODE_SIGN_STYLE = Automatic;
				CURRENT_PROJECT_VERSION = 1;
				DEVELOPMENT_TEAM = YBQ9Z46NWK;
				GENERATE_INFOPLIST_FILE = YES;
				IPHONEOS_DEPLOYMENT_TARGET = 17.5;
				MARKETING_VERSION = 1.0;
				PRODUCT_BUNDLE_IDENTIFIER = com.nimdec.QuizTests;
				PRODUCT_NAME = "$(TARGET_NAME)";
				SWIFT_EMIT_LOC_STRINGS = NO;
				SWIFT_VERSION = 5.0;
				TARGETED_DEVICE_FAMILY = "1,2";
				TEST_HOST = "$(BUILT_PRODUCTS_DIR)/Quiz.app/$(BUNDLE_EXECUTABLE_FOLDER_PATH)/Quiz";
			};
			name = Release;
		};
		AD72E7AC2C1EAB5A001D979E /* Debug */ = {
			isa = XCBuildConfiguration;
			buildSettings = {
				ALWAYS_EMBED_SWIFT_STANDARD_LIBRARIES = YES;
				CODE_SIGN_STYLE = Automatic;
				CURRENT_PROJECT_VERSION = 1;
				DEVELOPMENT_TEAM = YBQ9Z46NWK;
				GENERATE_INFOPLIST_FILE = YES;
				MARKETING_VERSION = 1.0;
				PRODUCT_BUNDLE_IDENTIFIER = com.nimdec.QuizUITests;
				PRODUCT_NAME = "$(TARGET_NAME)";
				SWIFT_EMIT_LOC_STRINGS = NO;
				SWIFT_VERSION = 5.0;
				TARGETED_DEVICE_FAMILY = "1,2";
				TEST_TARGET_NAME = Quiz;
			};
			name = Debug;
		};
		AD72E7AD2C1EAB5A001D979E /* Release */ = {
			isa = XCBuildConfiguration;
			buildSettings = {
				ALWAYS_EMBED_SWIFT_STANDARD_LIBRARIES = YES;
				CODE_SIGN_STYLE = Automatic;
				CURRENT_PROJECT_VERSION = 1;
				DEVELOPMENT_TEAM = YBQ9Z46NWK;
				GENERATE_INFOPLIST_FILE = YES;
				MARKETING_VERSION = 1.0;
				PRODUCT_BUNDLE_IDENTIFIER = com.nimdec.QuizUITests;
				PRODUCT_NAME = "$(TARGET_NAME)";
				SWIFT_EMIT_LOC_STRINGS = NO;
				SWIFT_VERSION = 5.0;
				TARGETED_DEVICE_FAMILY = "1,2";
				TEST_TARGET_NAME = Quiz;
			};
			name = Release;
		};
/* End XCBuildConfiguration section */

/* Begin XCConfigurationList section */
		AD72E7762C1EAB59001D979E /* Build configuration list for PBXProject "Quiz" */ = {
			isa = XCConfigurationList;
			buildConfigurations = (
				AD72E7A32C1EAB5A001D979E /* Debug */,
				AD72E7A42C1EAB5A001D979E /* Release */,
			);
			defaultConfigurationIsVisible = 0;
			defaultConfigurationName = Release;
		};
		AD72E7A52C1EAB5A001D979E /* Build configuration list for PBXNativeTarget "Quiz" */ = {
			isa = XCConfigurationList;
			buildConfigurations = (
				AD72E7A62C1EAB5A001D979E /* Debug */,
				AD72E7A72C1EAB5A001D979E /* Release */,
			);
			defaultConfigurationIsVisible = 0;
			defaultConfigurationName = Release;
		};
		AD72E7A82C1EAB5A001D979E /* Build configuration list for PBXNativeTarget "QuizTests" */ = {
			isa = XCConfigurationList;
			buildConfigurations = (
				AD72E7A92C1EAB5A001D979E /* Debug */,
				AD72E7AA2C1EAB5A001D979E /* Release */,
			);
			defaultConfigurationIsVisible = 0;
			defaultConfigurationName = Release;
		};
		AD72E7AB2C1EAB5A001D979E /* Build configuration list for PBXNativeTarget "QuizUITests" */ = {
			isa = XCConfigurationList;
			buildConfigurations = (
				AD72E7AC2C1EAB5A001D979E /* Debug */,
				AD72E7AD2C1EAB5A001D979E /* Release */,
			);
			defaultConfigurationIsVisible = 0;
			defaultConfigurationName = Release;
		};
/* End XCConfigurationList section */
	};
	rootObject = AD72E7732C1EAB59001D979E /* Project object */;
}
